// !$*UTF8*$!
{
	archiveVersion = 1;
	classes = {
	};
	objectVersion = 50;
	objects = {

/* Begin PBXBuildFile section */
		2E977C4E2165FDAC00989D4D /* AppDelegate.swift in Sources */ = {isa = PBXBuildFile; fileRef = 2E977C4D2165FDAC00989D4D /* AppDelegate.swift */; };
		2E977C502165FDAC00989D4D /* ViewController.swift in Sources */ = {isa = PBXBuildFile; fileRef = 2E977C4F2165FDAC00989D4D /* ViewController.swift */; };
		2E977C532165FDAC00989D4D /* Main.storyboard in Resources */ = {isa = PBXBuildFile; fileRef = 2E977C512165FDAC00989D4D /* Main.storyboard */; };
		2E977C552165FDAE00989D4D /* Assets.xcassets in Resources */ = {isa = PBXBuildFile; fileRef = 2E977C542165FDAE00989D4D /* Assets.xcassets */; };
		2E977C582165FDAE00989D4D /* LaunchScreen.storyboard in Resources */ = {isa = PBXBuildFile; fileRef = 2E977C562165FDAE00989D4D /* LaunchScreen.storyboard */; };
		2E977C612166069E00989D4D /* PushNotificationManager.swift in Sources */ = {isa = PBXBuildFile; fileRef = 2E977C602166069E00989D4D /* PushNotificationManager.swift */; };
/* End PBXBuildFile section */

/* Begin PBXFileReference section */
		2E977C4A2165FDAC00989D4D /* PushManager.app */ = {isa = PBXFileReference; explicitFileType = wrapper.application; includeInIndex = 0; path = PushManager.app; sourceTree = BUILT_PRODUCTS_DIR; };
		2E977C4D2165FDAC00989D4D /* AppDelegate.swift */ = {isa = PBXFileReference; lastKnownFileType = sourcecode.swift; path = AppDelegate.swift; sourceTree = "<group>"; };
		2E977C4F2165FDAC00989D4D /* ViewController.swift */ = {isa = PBXFileReference; lastKnownFileType = sourcecode.swift; path = ViewController.swift; sourceTree = "<group>"; };
		2E977C522165FDAC00989D4D /* Base */ = {isa = PBXFileReference; lastKnownFileType = file.storyboard; name = Base; path = Base.lproj/Main.storyboard; sourceTree = "<group>"; };
		2E977C542165FDAE00989D4D /* Assets.xcassets */ = {isa = PBXFileReference; lastKnownFileType = folder.assetcatalog; path = Assets.xcassets; sourceTree = "<group>"; };
		2E977C572165FDAE00989D4D /* Base */ = {isa = PBXFileReference; lastKnownFileType = file.storyboard; name = Base; path = Base.lproj/LaunchScreen.storyboard; sourceTree = "<group>"; };
		2E977C592165FDAE00989D4D /* Info.plist */ = {isa = PBXFileReference; lastKnownFileType = text.plist.xml; path = Info.plist; sourceTree = "<group>"; };
		2E977C5F2165FDFF00989D4D /* PushManager.entitlements */ = {isa = PBXFileReference; lastKnownFileType = text.plist.entitlements; path = PushManager.entitlements; sourceTree = "<group>"; };
		2E977C602166069E00989D4D /* PushNotificationManager.swift */ = {isa = PBXFileReference; lastKnownFileType = sourcecode.swift; path = PushNotificationManager.swift; sourceTree = "<group>"; };
/* End PBXFileReference section */

/* Begin PBXFrameworksBuildPhase section */
		2E977C472165FDAC00989D4D /* Frameworks */ = {
			isa = PBXFrameworksBuildPhase;
			buildActionMask = 2147483647;
			files = (
			);
			runOnlyForDeploymentPostprocessing = 0;
		};
/* End PBXFrameworksBuildPhase section */

/* Begin PBXGroup section */
		2E977C412165FDAC00989D4D = {
			isa = PBXGroup;
			children = (
				2E977C4C2165FDAC00989D4D /* PushManager */,
				2E977C4B2165FDAC00989D4D /* Products */,
			);
			sourceTree = "<group>";
		};
		2E977C4B2165FDAC00989D4D /* Products */ = {
			isa = PBXGroup;
			children = (
				2E977C4A2165FDAC00989D4D /* PushManager.app */,
			);
			name = Products;
			sourceTree = "<group>";
		};
		2E977C4C2165FDAC00989D4D /* PushManager */ = {
			isa = PBXGroup;
			children = (
				2E977C5F2165FDFF00989D4D /* PushManager.entitlements */,
				2E977C4D2165FDAC00989D4D /* AppDelegate.swift */,
				2E977C4F2165FDAC00989D4D /* ViewController.swift */,
				2E977C512165FDAC00989D4D /* Main.storyboard */,
				2E977C542165FDAE00989D4D /* Assets.xcassets */,
				2E977C562165FDAE00989D4D /* LaunchScreen.storyboard */,
				2E977C592165FDAE00989D4D /* Info.plist */,
				2E977C602166069E00989D4D /* PushNotificationManager.swift */,
			);
			path = PushManager;
			sourceTree = "<group>";
		};
/* End PBXGroup section */

/* Begin PBXNativeTarget section */
		2E977C492165FDAC00989D4D /* PushManager */ = {
			isa = PBXNativeTarget;
			buildConfigurationList = 2E977C5C2165FDAE00989D4D /* Build configuration list for PBXNativeTarget "PushManager" */;
			buildPhases = (
				2E977C462165FDAC00989D4D /* Sources */,
				2E977C472165FDAC00989D4D /* Frameworks */,
				2E977C482165FDAC00989D4D /* Resources */,
			);
			buildRules = (
			);
			dependencies = (
			);
			name = PushManager;
			productName = PushManager;
			productReference = 2E977C4A2165FDAC00989D4D /* PushManager.app */;
			productType = "com.apple.product-type.application";
		};
/* End PBXNativeTarget section */

/* Begin PBXProject section */
		2E977C422165FDAC00989D4D /* Project object */ = {
			isa = PBXProject;
			attributes = {
				LastSwiftUpdateCheck = 1000;
				LastUpgradeCheck = 1000;
				ORGANIZATIONNAME = "Daniyal Yousuf";
				TargetAttributes = {
					2E977C492165FDAC00989D4D = {
						CreatedOnToolsVersion = 10.0;
						SystemCapabilities = {
							com.apple.Push = {
								enabled = 1;
							};
						};
					};
				};
			};
			buildConfigurationList = 2E977C452165FDAC00989D4D /* Build configuration list for PBXProject "PushManager" */;
			compatibilityVersion = "Xcode 9.3";
			developmentRegion = en;
			hasScannedForEncodings = 0;
			knownRegions = (
				en,
				Base,
			);
			mainGroup = 2E977C412165FDAC00989D4D;
			productRefGroup = 2E977C4B2165FDAC00989D4D /* Products */;
			projectDirPath = "";
			projectRoot = "";
			targets = (
				2E977C492165FDAC00989D4D /* PushManager */,
			);
		};
/* End PBXProject section */

/* Begin PBXResourcesBuildPhase section */
		2E977C482165FDAC00989D4D /* Resources */ = {
			isa = PBXResourcesBuildPhase;
			buildActionMask = 2147483647;
			files = (
				2E977C582165FDAE00989D4D /* LaunchScreen.storyboard in Resources */,
				2E977C552165FDAE00989D4D /* Assets.xcassets in Resources */,
				2E977C532165FDAC00989D4D /* Main.storyboard in Resources */,
			);
			runOnlyForDeploymentPostprocessing = 0;
		};
/* End PBXResourcesBuildPhase section */

/* Begin PBXSourcesBuildPhase section */
		2E977C462165FDAC00989D4D /* Sources */ = {
			isa = PBXSourcesBuildPhase;
			buildActionMask = 2147483647;
			files = (
				2E977C612166069E00989D4D /* PushNotificationManager.swift in Sources */,
				2E977C502165FDAC00989D4D /* ViewController.swift in Sources */,
				2E977C4E2165FDAC00989D4D /* AppDelegate.swift in Sources */,
			);
			runOnlyForDeploymentPostprocessing = 0;
		};
/* End PBXSourcesBuildPhase section */

/* Begin PBXVariantGroup section */
		2E977C512165FDAC00989D4D /* Main.storyboard */ = {
			isa = PBXVariantGroup;
			children = (
				2E977C522165FDAC00989D4D /* Base */,
			);
			name = Main.storyboard;
			sourceTree = "<group>";
		};
		2E977C562165FDAE00989D4D /* LaunchScreen.storyboard */ = {
			isa = PBXVariantGroup;
			children = (
				2E977C572165FDAE00989D4D /* Base */,
			);
			name = LaunchScreen.storyboard;
			sourceTree = "<group>";
		};
/* End PBXVariantGroup section */

/* Begin XCBuildConfiguration section */
		2E977C5A2165FDAE00989D4D /* Debug */ = {
			isa = XCBuildConfiguration;
			buildSettings = {
				ALWAYS_SEARCH_USER_PATHS = NO;
				CLANG_ANALYZER_NONNULL = YES;
				CLANG_ANALYZER_NUMBER_OBJECT_CONVERSION = YES_AGGRESSIVE;
				CLANG_CXX_LANGUAGE_STANDARD = "gnu++14";
				CLANG_CXX_LIBRARY = "libc++";
				CLANG_ENABLE_MODULES = YES;
				CLANG_ENABLE_OBJC_ARC = YES;
				CLANG_ENABLE_OBJC_WEAK = YES;
				CLANG_WARN_BLOCK_CAPTURE_AUTORELEASING = YES;
				CLANG_WARN_BOOL_CONVERSION = YES;
				CLANG_WARN_COMMA = YES;
				CLANG_WARN_CONSTANT_CONVERSION = YES;
				CLANG_WARN_DEPRECATED_OBJC_IMPLEMENTATIONS = YES;
				CLANG_WARN_DIRECT_OBJC_ISA_USAGE = YES_ERROR;
				CLANG_WARN_DOCUMENTATION_COMMENTS = YES;
				CLANG_WARN_EMPTY_BODY = YES;
				CLANG_WARN_ENUM_CONVERSION = YES;
				CLANG_WARN_INFINITE_RECURSION = YES;
				CLANG_WARN_INT_CONVERSION = YES;
				CLANG_WARN_NON_LITERAL_NULL_CONVERSION = YES;
				CLANG_WARN_OBJC_IMPLICIT_RETAIN_SELF = YES;
				CLANG_WARN_OBJC_LITERAL_CONVERSION = YES;
				CLANG_WARN_OBJC_ROOT_CLASS = YES_ERROR;
				CLANG_WARN_RANGE_LOOP_ANALYSIS = YES;
				CLANG_WARN_STRICT_PROTOTYPES = YES;
				CLANG_WARN_SUSPICIOUS_MOVE = YES;
				CLANG_WARN_UNGUARDED_AVAILABILITY = YES_AGGRESSIVE;
				CLANG_WARN_UNREACHABLE_CODE = YES;
				CLANG_WARN__DUPLICATE_METHOD_MATCH = YES;
				CODE_SIGN_IDENTITY = "iPhone Developer";
				COPY_PHASE_STRIP = NO;
				DEBUG_INFORMATION_FORMAT = dwarf;
				ENABLE_STRICT_OBJC_MSGSEND = YES;
				ENABLE_TESTABILITY = YES;
				GCC_C_LANGUAGE_STANDARD = gnu11;
				GCC_DYNAMIC_NO_PIC = NO;
				GCC_NO_COMMON_BLOCKS = YES;
				GCC_OPTIMIZATION_LEVEL = 0;
				GCC_PREPROCESSOR_DEFINITIONS = (
					"DEBUG=1",
					"$(inherited)",
				);
				GCC_WARN_64_TO_32_BIT_CONVERSION = YES;
				GCC_WARN_ABOUT_RETURN_TYPE = YES_ERROR;
				GCC_WARN_UNDECLARED_SELECTOR = YES;
				GCC_WARN_UNINITIALIZED_AUTOS = YES_AGGRESSIVE;
				GCC_WARN_UNUSED_FUNCTION = YES;
				GCC_WARN_UNUSED_VARIABLE = YES;
				IPHONEOS_DEPLOYMENT_TARGET = 12.0;
				MTL_ENABLE_DEBUG_INFO = INCLUDE_SOURCE;
				MTL_FAST_MATH = YES;
				ONLY_ACTIVE_ARCH = YES;
				SDKROOT = iphoneos;
				SWIFT_ACTIVE_COMPILATION_CONDITIONS = DEBUG;
				SWIFT_OPTIMIZATION_LEVEL = "-Onone";
			};
			name = Debug;
		};
		2E977C5B2165FDAE00989D4D /* Release */ = {
			isa = XCBuildConfiguration;
			buildSettings = {
				ALWAYS_SEARCH_USER_PATHS = NO;
				CLANG_ANALYZER_NONNULL = YES;
				CLANG_ANALYZER_NUMBER_OBJECT_CONVERSION = YES_AGGRESSIVE;
				CLANG_CXX_LANGUAGE_STANDARD = "gnu++14";
				CLANG_CXX_LIBRARY = "libc++";
				CLANG_ENABLE_MODULES = YES;
				CLANG_ENABLE_OBJC_ARC = YES;
				CLANG_ENABLE_OBJC_WEAK = YES;
				CLANG_WARN_BLOCK_CAPTURE_AUTORELEASING = YES;
				CLANG_WARN_BOOL_CONVERSION = YES;
				CLANG_WARN_COMMA = YES;
				CLANG_WARN_CONSTANT_CONVERSION = YES;
				CLANG_WARN_DEPRECATED_OBJC_IMPLEMENTATIONS = YES;
				CLANG_WARN_DIRECT_OBJC_ISA_USAGE = YES_ERROR;
				CLANG_WARN_DOCUMENTATION_COMMENTS = YES;
				CLANG_WARN_EMPTY_BODY = YES;
				CLANG_WARN_ENUM_CONVERSION = YES;
				CLANG_WARN_INFINITE_RECURSION = YES;
				CLANG_WARN_INT_CONVERSION = YES;
				CLANG_WARN_NON_LITERAL_NULL_CONVERSION = YES;
				CLANG_WARN_OBJC_IMPLICIT_RETAIN_SELF = YES;
				CLANG_WARN_OBJC_LITERAL_CONVERSION = YES;
				CLANG_WARN_OBJC_ROOT_CLASS = YES_ERROR;
				CLANG_WARN_RANGE_LOOP_ANALYSIS = YES;
				CLANG_WARN_STRICT_PROTOTYPES = YES;
				CLANG_WARN_SUSPICIOUS_MOVE = YES;
				CLANG_WARN_UNGUARDED_AVAILABILITY = YES_AGGRESSIVE;
				CLANG_WARN_UNREACHABLE_CODE = YES;
				CLANG_WARN__DUPLICATE_METHOD_MATCH = YES;
				CODE_SIGN_IDENTITY = "iPhone Developer";
				COPY_PHASE_STRIP = NO;
				DEBUG_INFORMATION_FORMAT = "dwarf-with-dsym";
				ENABLE_NS_ASSERTIONS = NO;
				ENABLE_STRICT_OBJC_MSGSEND = YES;
				GCC_C_LANGUAGE_STANDARD = gnu11;
				GCC_NO_COMMON_BLOCKS = YES;
				GCC_WARN_64_TO_32_BIT_CONVERSION = YES;
				GCC_WARN_ABOUT_RETURN_TYPE = YES_ERROR;
				GCC_WARN_UNDECLARED_SELECTOR = YES;
				GCC_WARN_UNINITIALIZED_AUTOS = YES_AGGRESSIVE;
				GCC_WARN_UNUSED_FUNCTION = YES;
				GCC_WARN_UNUSED_VARIABLE = YES;
				IPHONEOS_DEPLOYMENT_TARGET = 12.0;
				MTL_ENABLE_DEBUG_INFO = NO;
				MTL_FAST_MATH = YES;
				SDKROOT = iphoneos;
				SWIFT_COMPILATION_MODE = wholemodule;
				SWIFT_OPTIMIZATION_LEVEL = "-O";
				VALIDATE_PRODUCT = YES;
			};
			name = Release;
		};
		2E977C5D2165FDAE00989D4D /* Debug */ = {
			isa = XCBuildConfiguration;
			buildSettings = {
				ASSETCATALOG_COMPILER_APPICON_NAME = AppIcon;
				CODE_SIGN_ENTITLEMENTS = PushManager/PushManager.entitlements;
				CODE_SIGN_STYLE = Automatic;
				DEVELOPMENT_TEAM = G63A5N8Y3S;
				INFOPLIST_FILE = PushManager/Info.plist;
				LD_RUNPATH_SEARCH_PATHS = (
					"$(inherited)",
					"@executable_path/Frameworks",
				);
				PRODUCT_BUNDLE_IDENTIFIER = com.DaniyalKhan.Koderlabs.PushManager;
				PRODUCT_NAME = "$(TARGET_NAME)";
				SWIFT_VERSION = 4.2;
				TARGETED_DEVICE_FAMILY = "1,2";
			};
			name = Debug;
		};
		2E977C5E2165FDAE00989D4D /* Release */ = {
			isa = XCBuildConfiguration;
			buildSettings = {
				ASSETCATALOG_COMPILER_APPICON_NAME = AppIcon;
				CODE_SIGN_ENTITLEMENTS = PushManager/PushManager.entitlements;
				CODE_SIGN_STYLE = Automatic;
				DEVELOPMENT_TEAM = G63A5N8Y3S;
				INFOPLIST_FILE = PushManager/Info.plist;
				LD_RUNPATH_SEARCH_PATHS = (
					"$(inherited)",
					"@executable_path/Frameworks",
				);
				PRODUCT_BUNDLE_IDENTIFIER = com.DaniyalKhan.Koderlabs.PushManager;
				PRODUCT_NAME = "$(TARGET_NAME)";
				SWIFT_VERSION = 4.2;
				TARGETED_DEVICE_FAMILY = "1,2";
			};
			name = Release;
		};
/* End XCBuildConfiguration section */

/* Begin XCConfigurationList section */
		2E977C452165FDAC00989D4D /* Build configuration list for PBXProject "PushManager" */ = {
			isa = XCConfigurationList;
			buildConfigurations = (
				2E977C5A2165FDAE00989D4D /* Debug */,
				2E977C5B2165FDAE00989D4D /* Release */,
			);
			defaultConfigurationIsVisible = 0;
			defaultConfigurationName = Release;
		};
		2E977C5C2165FDAE00989D4D /* Build configuration list for PBXNativeTarget "PushManager" */ = {
			isa = XCConfigurationList;
			buildConfigurations = (
				2E977C5D2165FDAE00989D4D /* Debug */,
				2E977C5E2165FDAE00989D4D /* Release */,
			);
			defaultConfigurationIsVisible = 0;
			defaultConfigurationName = Release;
		};
/* End XCConfigurationList section */
	};
	rootObject = 2E977C422165FDAC00989D4D /* Project object */;
}
